
Microsoft Visual Studio Solution File, Format Version 12.00
# Visual Studio Version 18
VisualStudioVersion = 18.3.11505.172
MinimumVisualStudioVersion = 10.0.40219.1
Project("{2150E333-8FDC-42A3-9474-1A3956D46DE8}") = "src", "src", "{827E0CD3-B72D-47B6-A68D-7590B98EB39B}"
EndProject
Project("{FAE04EC0-301F-11D3-BF4B-00C04F79EFBC}") = "LinkTracker.Bot", "src\LinkTracker.Bot\LinkTracker.Bot.csproj", "{DA472E98-6148-4538-AEF1-071B8999316E}"
EndProject
Project("{FAE04EC0-301F-11D3-BF4B-00C04F79EFBC}") = "LinkTracker.Scrapper", "src\LinkTracker.Scrapper\LinkTracker.Scrapper.csproj", "{94344400-CB98-4E91-A159-87BE741AE9A6}"
EndProject
Project("{FAE04EC0-301F-11D3-BF4B-00C04F79EFBC}") = "LinkTracker.Tests", "src\LinkTracker.Tests\LinkTracker.Tests.csproj", "{6E73FE0D-5EAD-423C-A0D0-3107D2472F83}"
EndProject
Project("{FAE04EC0-301F-11D3-BF4B-00C04F79EFBC}") = "LinkTracker.Bot.Infrastructure", "src\LinkTracker.Bot.Infrastructure\LinkTracker.Bot.Infrastructure.csproj", "{054920A2-71EF-4E1A-AFE8-51329587074B}"
EndProject
Project("{FAE04EC0-301F-11D3-BF4B-00C04F79EFBC}") = "LinkTracker.Scrapper.Domain", "src\LinkTracker.Scrapper.Domain\LinkTracker.Scrapper.Domain.csproj", "{C8D54957-BC86-4248-8250-B5556AF02BE8}"
EndProject
Project("{FAE04EC0-301F-11D3-BF4B-00C04F79EFBC}") = "LinkTracker.Scrapper.Application", "src\LinkTracker.Scrapper.Application\LinkTracker.Scrapper.Application.csproj", "{8E3D4FC3-883A-404C-9DDC-375F7C1F36FF}"
EndProject
Global
	GlobalSection(SolutionConfigurationPlatforms) = preSolution
		Debug|Any CPU = Debug|Any CPU
		Debug|x64 = Debug|x64
		Debug|x86 = Debug|x86
		Release|Any CPU = Release|Any CPU
		Release|x64 = Release|x64
		Release|x86 = Release|x86
	EndGlobalSection
	GlobalSection(ProjectConfigurationPlatforms) = postSolution
		{DA472E98-6148-4538-AEF1-071B8999316E}.Debug|Any CPU.ActiveCfg = Debug|Any CPU
		{DA472E98-6148-4538-AEF1-071B8999316E}.Debug|Any CPU.Build.0 = Debug|Any CPU
		{DA472E98-6148-4538-AEF1-071B8999316E}.Debug|x64.ActiveCfg = Debug|Any CPU
		{DA472E98-6148-4538-AEF1-071B8999316E}.Debug|x64.Build.0 = Debug|Any CPU
		{DA472E98-6148-4538-AEF1-071B8999316E}.Debug|x86.ActiveCfg = Debug|Any CPU
		{DA472E98-6148-4538-AEF1-071B8999316E}.Debug|x86.Build.0 = Debug|Any CPU
		{DA472E98-6148-4538-AEF1-071B8999316E}.Release|Any CPU.ActiveCfg = Release|Any CPU
		{DA472E98-6148-4538-AEF1-071B8999316E}.Release|Any CPU.Build.0 = Release|Any CPU
		{DA472E98-6148-4538-AEF1-071B8999316E}.Release|x64.ActiveCfg = Release|Any CPU
		{DA472E98-6148-4538-AEF1-071B8999316E}.Release|x64.Build.0 = Release|Any CPU
		{DA472E98-6148-4538-AEF1-071B8999316E}.Release|x86.ActiveCfg = Release|Any CPU
		{DA472E98-6148-4538-AEF1-071B8999316E}.Release|x86.Build.0 = Release|Any CPU
		{94344400-CB98-4E91-A159-87BE741AE9A6}.Debug|Any CPU.ActiveCfg = Debug|Any CPU
		{94344400-CB98-4E91-A159-87BE741AE9A6}.Debug|Any CPU.Build.0 = Debug|Any CPU
		{94344400-CB98-4E91-A159-87BE741AE9A6}.Debug|x64.ActiveCfg = Debug|Any CPU
		{94344400-CB98-4E91-A159-87BE741AE9A6}.Debug|x64.Build.0 = Debug|Any CPU
		{94344400-CB98-4E91-A159-87BE741AE9A6}.Debug|x86.ActiveCfg = Debug|Any CPU
		{94344400-CB98-4E91-A159-87BE741AE9A6}.Debug|x86.Build.0 = Debug|Any CPU
		{94344400-CB98-4E91-A159-87BE741AE9A6}.Release|Any CPU.ActiveCfg = Release|Any CPU
		{94344400-CB98-4E91-A159-87BE741AE9A6}.Release|Any CPU.Build.0 = Release|Any CPU
		{94344400-CB98-4E91-A159-87BE741AE9A6}.Release|x64.ActiveCfg = Release|Any CPU
		{94344400-CB98-4E91-A159-87BE741AE9A6}.Release|x64.Build.0 = Release|Any CPU
		{94344400-CB98-4E91-A159-87BE741AE9A6}.Release|x86.ActiveCfg = Release|Any CPU
		{94344400-CB98-4E91-A159-87BE741AE9A6}.Release|x86.Build.0 = Release|Any CPU
		{6E73FE0D-5EAD-423C-A0D0-3107D2472F83}.Debug|Any CPU.ActiveCfg = Debug|Any CPU
		{6E73FE0D-5EAD-423C-A0D0-3107D2472F83}.Debug|Any CPU.Build.0 = Debug|Any CPU
		{6E73FE0D-5EAD-423C-A0D0-3107D2472F83}.Debug|x64.ActiveCfg = Debug|Any CPU
		{6E73FE0D-5EAD-423C-A0D0-3107D2472F83}.Debug|x64.Build.0 = Debug|Any CPU
		{6E73FE0D-5EAD-423C-A0D0-3107D2472F83}.Debug|x86.ActiveCfg = Debug|Any CPU
		{6E73FE0D-5EAD-423C-A0D0-3107D2472F83}.Debug|x86.Build.0 = Debug|Any CPU
		{6E73FE0D-5EAD-423C-A0D0-3107D2472F83}.Release|Any CPU.ActiveCfg = Release|Any CPU
		{6E73FE0D-5EAD-423C-A0D0-3107D2472F83}.Release|Any CPU.Build.0 = Release|Any CPU
		{6E73FE0D-5EAD-423C-A0D0-3107D2472F83}.Release|x64.ActiveCfg = Release|Any CPU
		{6E73FE0D-5EAD-423C-A0D0-3107D2472F83}.Release|x64.Build.0 = Release|Any CPU
		{6E73FE0D-5EAD-423C-A0D0-3107D2472F83}.Release|x86.ActiveCfg = Release|Any CPU
		{6E73FE0D-5EAD-423C-A0D0-3107D2472F83}.Release|x86.Build.0 = Release|Any CPU
		{054920A2-71EF-4E1A-AFE8-51329587074B}.Debug|Any CPU.ActiveCfg = Debug|Any CPU
		{054920A2-71EF-4E1A-AFE8-51329587074B}.Debug|Any CPU.Build.0 = Debug|Any CPU
		{054920A2-71EF-4E1A-AFE8-51329587074B}.Debug|x64.ActiveCfg = Debug|Any CPU
		{054920A2-71EF-4E1A-AFE8-51329587074B}.Debug|x64.Build.0 = Debug|Any CPU
		{054920A2-71EF-4E1A-AFE8-51329587074B}.Debug|x86.ActiveCfg = Debug|Any CPU
		{054920A2-71EF-4E1A-AFE8-51329587074B}.Debug|x86.Build.0 = Debug|Any CPU
		{054920A2-71EF-4E1A-AFE8-51329587074B}.Release|Any CPU.ActiveCfg = Release|Any CPU
		{054920A2-71EF-4E1A-AFE8-51329587074B}.Release|Any CPU.Build.0 = Release|Any CPU
		{054920A2-71EF-4E1A-AFE8-51329587074B}.Release|x64.ActiveCfg = Release|Any CPU
		{054920A2-71EF-4E1A-AFE8-51329587074B}.Release|x64.Build.0 = Release|Any CPU
		{054920A2-71EF-4E1A-AFE8-51329587074B}.Release|x86.ActiveCfg = Release|Any CPU
		{054920A2-71EF-4E1A-AFE8-51329587074B}.Release|x86.Build.0 = Release|Any CPU
		{C8D54957-BC86-4248-8250-B5556AF02BE8}.Debug|Any CPU.ActiveCfg = Debug|Any CPU
		{C8D54957-BC86-4248-8250-B5556AF02BE8}.Debug|Any CPU.Build.0 = Debug|Any CPU
		{C8D54957-BC86-4248-8250-B5556AF02BE8}.Debug|x64.ActiveCfg = Debug|Any CPU
		{C8D54957-BC86-4248-8250-B5556AF02BE8}.Debug|x64.Build.0 = Debug|Any CPU
		{C8D54957-BC86-4248-8250-B5556AF02BE8}.Debug|x86.ActiveCfg = Debug|Any CPU
		{C8D54957-BC86-4248-8250-B5556AF02BE8}.Debug|x86.Build.0 = Debug|Any CPU
		{C8D54957-BC86-4248-8250-B5556AF02BE8}.Release|Any CPU.ActiveCfg = Release|Any CPU
		{C8D54957-BC86-4248-8250-B5556AF02BE8}.Release|Any CPU.Build.0 = Release|Any CPU
		{C8D54957-BC86-4248-8250-B5556AF02BE8}.Release|x64.ActiveCfg = Release|Any CPU
		{C8D54957-BC86-4248-8250-B5556AF02BE8}.Release|x64.Build.0 = Release|Any CPU
		{C8D54957-BC86-4248-8250-B5556AF02BE8}.Release|x86.ActiveCfg = Release|Any CPU
		{C8D54957-BC86-4248-8250-B5556AF02BE8}.Release|x86.Build.0 = Release|Any CPU
		{8E3D4FC3-883A-404C-9DDC-375F7C1F36FF}.Debug|Any CPU.ActiveCfg = Debug|Any CPU
		{8E3D4FC3-883A-404C-9DDC-375F7C1F36FF}.Debug|Any CPU.Build.0 = Debug|Any CPU
		{8E3D4FC3-883A-404C-9DDC-375F7C1F36FF}.Debug|x64.ActiveCfg = Debug|Any CPU
		{8E3D4FC3-883A-404C-9DDC-375F7C1F36FF}.Debug|x64.Build.0 = Debug|Any CPU
		{8E3D4FC3-883A-404C-9DDC-375F7C1F36FF}.Debug|x86.ActiveCfg = Debug|Any CPU
		{8E3D4FC3-883A-404C-9DDC-375F7C1F36FF}.Debug|x86.Build.0 = Debug|Any CPU
		{8E3D4FC3-883A-404C-9DDC-375F7C1F36FF}.Release|Any CPU.ActiveCfg = Release|Any CPU
		{8E3D4FC3-883A-404C-9DDC-375F7C1F36FF}.Release|Any CPU.Build.0 = Release|Any CPU
		{8E3D4FC3-883A-404C-9DDC-375F7C1F36FF}.Release|x64.ActiveCfg = Release|Any CPU
		{8E3D4FC3-883A-404C-9DDC-375F7C1F36FF}.Release|x64.Build.0 = Release|Any CPU
		{8E3D4FC3-883A-404C-9DDC-375F7C1F36FF}.Release|x86.ActiveCfg = Release|Any CPU
		{8E3D4FC3-883A-404C-9DDC-375F7C1F36FF}.Release|x86.Build.0 = Release|Any CPU
	EndGlobalSection
	GlobalSection(SolutionProperties) = preSolution
		HideSolutionNode = FALSE
	EndGlobalSection
	GlobalSection(NestedProjects) = preSolution
		{DA472E98-6148-4538-AEF1-071B8999316E} = {827E0CD3-B72D-47B6-A68D-7590B98EB39B}
		{94344400-CB98-4E91-A159-87BE741AE9A6} = {827E0CD3-B72D-47B6-A68D-7590B98EB39B}
		{6E73FE0D-5EAD-423C-A0D0-3107D2472F83} = {827E0CD3-B72D-47B6-A68D-7590B98EB39B}
		{054920A2-71EF-4E1A-AFE8-51329587074B} = {827E0CD3-B72D-47B6-A68D-7590B98EB39B}
		{C8D54957-BC86-4248-8250-B5556AF02BE8} = {827E0CD3-B72D-47B6-A68D-7590B98EB39B}
		{8E3D4FC3-883A-404C-9DDC-375F7C1F36FF} = {827E0CD3-B72D-47B6-A68D-7590B98EB39B}
	EndGlobalSection
	GlobalSection(ExtensibilityGlobals) = postSolution
		SolutionGuid = {B36296BB-0A14-4BD4-8B61-BF2FCBB7CEA8}
	EndGlobalSection
EndGlobal
