
Microsoft Visual Studio Solution File, Format Version 12.00
# Visual Studio Version 18
VisualStudioVersion = 18.3.11505.172
MinimumVisualStudioVersion = 10.0.40219.1
Project("{2150E333-8FDC-42A3-9474-1A3956D46DE8}") = "src", "src", "{827E0CD3-B72D-47B6-A68D-7590B98EB39B}"
EndProject
Project("{FAE04EC0-301F-11D3-BF4B-00C04F79EFBC}") = "LinkTracker.Bot", "src\LinkTracker.Bot\LinkTracker.Bot.csproj", "{DA472E98-6148-4538-AEF1-071B8999316E}"
EndProject
Project("{FAE04EC0-301F-11D3-BF4B-00C04F79EFBC}") = "LinkTracker.Scrapper", "src\LinkTracker.Scrapper\LinkTracker.Scrapper.csproj", "{94344400-CB98-4E91-A159-87BE741AE9A6}"
EndProject
Project("{FAE04EC0-301F-11D3-BF4B-00C04F79EFBC}") = "LinkTracker.Tests", "src\LinkTracker.Tests\LinkTracker.Tests.csproj", "{6E73FE0D-5EAD-423C-A0D0-3107D2472F83}"
EndProject
Project("{FAE04EC0-301F-11D3-BF4B-00C04F79EFBC}") = "LinkTracker.Bot.Infrastructure", "src\LinkTracker.Bot.Infrastructure\LinkTracker.Bot.Infrastructure.csproj", "{054920A2-71EF-4E1A-AFE8-51329587074B}"
EndProject
Project("{FAE04EC0-301F-11D3-BF4B-00C04F79EFBC}") = "LinkTracker.Scrapper.Domain", "src\LinkTracker.Scrapper.Domain\LinkTracker.Scrapper.Domain.csproj", "{C8D54957-BC86-4248-8250-B5556AF02BE8}"
EndProject
Project("{FAE04EC0-301F-11D3-BF4B-00C04F79EFBC}") = "LinkTracker.Scrapper.Application", "src\LinkTracker.Scrapper.Application\LinkTracker.Scrapper.Application.csproj", "{8E3D4FC3-883A-404C-9DDC-375F7C1F36FF}"
EndProject
Project("{FAE04EC0-301F-11D3-BF4B-00C04F79EFBC}") = "LinkTracker.Scrapper.Infrastructure", "src\LinkTracker.Scrapper.Infrastructure\LinkTracker.Scrapper.Infrastructure.csproj", "{8A0355F7-7205-4F2F-B503-C4A702019FB4}"
EndProject
Project("{FAE04EC0-301F-11D3-BF4B-00C04F79EFBC}") = "LinkTracker.Scrapper.Contracts", "src\LinkTracker.Scrapper.Contracts\LinkTracker.Scrapper.Contracts.csproj", "{2C547D6D-1673-4FD7-8D4C-B6CCF2048CBE}"
EndProject
Project("{FAE04EC0-301F-11D3-BF4B-00C04F79EFBC}") = "LinkTracker.Bot.Domain", "src\LinkTracker.Bot.Domain\LinkTracker.Bot.Domain.csproj", "{86BD9B11-60FB-4BAC-8539-38D9873293DC}"
EndProject
Project("{FAE04EC0-301F-11D3-BF4B-00C04F79EFBC}") = "LinkTracker.Bot.Contracts", "src\LinkTracker.Bot.Contracts\LinkTracker.Bot.Contracts.csproj", "{0FC031D1-3534-4BAE-8913-216C78AF9257}"
EndProject
Project("{FAE04EC0-301F-11D3-BF4B-00C04F79EFBC}") = "LinkTracker.Bot.Application", "src\LinkTracker.Bot.Application\LinkTracker.Bot.Application.csproj", "{8F24FA35-742B-4271-9283-DC32EDDE46B1}"
EndProject
Global
	GlobalSection(SolutionConfigurationPlatforms) = preSolution
		Debug|Any CPU = Debug|Any CPU
		Debug|x64 = Debug|x64
		Debug|x86 = Debug|x86
		Release|Any CPU = Release|Any CPU
		Release|x64 = Release|x64
		Release|x86 = Release|x86
	EndGlobalSection
	GlobalSection(ProjectConfigurationPlatforms) = postSolution
		{DA472E98-6148-4538-AEF1-071B8999316E}.Debug|Any CPU.ActiveCfg = Debug|Any CPU
		{DA472E98-6148-4538-AEF1-071B8999316E}.Debug|Any CPU.Build.0 = Debug|Any CPU
		{DA472E98-6148-4538-AEF1-071B8999316E}.Debug|x64.ActiveCfg = Debug|Any CPU
		{DA472E98-6148-4538-AEF1-071B8999316E}.Debug|x64.Build.0 = Debug|Any CPU
		{DA472E98-6148-4538-AEF1-071B8999316E}.Debug|x86.ActiveCfg = Debug|Any CPU
		{DA472E98-6148-4538-AEF1-071B8999316E}.Debug|x86.Build.0 = Debug|Any CPU
		{DA472E98-6148-4538-AEF1-071B8999316E}.Release|Any CPU.ActiveCfg = Release|Any CPU
		{DA472E98-6148-4538-AEF1-071B8999316E}.Release|Any CPU.Build.0 = Release|Any CPU
		{DA472E98-6148-4538-AEF1-071B8999316E}.Release|x64.ActiveCfg = Release|Any CPU
		{DA472E98-6148-4538-AEF1-071B8999316E}.Release|x64.Build.0 = Release|Any CPU
		{DA472E98-6148-4538-AEF1-071B8999316E}.Release|x86.ActiveCfg = Release|Any CPU
		{DA472E98-6148-4538-AEF1-071B8999316E}.Release|x86.Build.0 = Release|Any CPU
		{94344400-CB98-4E91-A159-87BE741AE9A6}.Debug|Any CPU.ActiveCfg = Debug|Any CPU
		{94344400-CB98-4E91-A159-87BE741AE9A6}.Debug|Any CPU.Build.0 = Debug|Any CPU
		{94344400-CB98-4E91-A159-87BE741AE9A6}.Debug|x64.ActiveCfg = Debug|Any CPU
		{94344400-CB98-4E91-A159-87BE741AE9A6}.Debug|x64.Build.0 = Debug|Any CPU
		{94344400-CB98-4E91-A159-87BE741AE9A6}.Debug|x86.ActiveCfg = Debug|Any CPU
		{94344400-CB98-4E91-A159-87BE741AE9A6}.Debug|x86.Build.0 = Debug|Any CPU
		{94344400-CB98-4E91-A159-87BE741AE9A6}.Release|Any CPU.ActiveCfg = Release|Any CPU
		{94344400-CB98-4E91-A159-87BE741AE9A6}.Release|Any CPU.Build.0 = Release|Any CPU
		{94344400-CB98-4E91-A159-87BE741AE9A6}.Release|x64.ActiveCfg = Release|Any CPU
		{94344400-CB98-4E91-A159-87BE741AE9A6}.Release|x64.Build.0 = Release|Any CPU
		{94344400-CB98-4E91-A159-87BE741AE9A6}.Release|x86.ActiveCfg = Release|Any CPU
		{94344400-CB98-4E91-A159-87BE741AE9A6}.Release|x86.Build.0 = Release|Any CPU
		{6E73FE0D-5EAD-423C-A0D0-3107D2472F83}.Debug|Any CPU.ActiveCfg = Debug|Any CPU
		{6E73FE0D-5EAD-423C-A0D0-3107D2472F83}.Debug|Any CPU.Build.0 = Debug|Any CPU
		{6E73FE0D-5EAD-423C-A0D0-3107D2472F83}.Debug|x64.ActiveCfg = Debug|Any CPU
		{6E73FE0D-5EAD-423C-A0D0-3107D2472F83}.Debug|x64.Build.0 = Debug|Any CPU
		{6E73FE0D-5EAD-423C-A0D0-3107D2472F83}.Debug|x86.ActiveCfg = Debug|Any CPU
		{6E73FE0D-5EAD-423C-A0D0-3107D2472F83}.Debug|x86.Build.0 = Debug|Any CPU
		{6E73FE0D-5EAD-423C-A0D0-3107D2472F83}.Release|Any CPU.ActiveCfg = Release|Any CPU
		{6E73FE0D-5EAD-423C-A0D0-3107D2472F83}.Release|Any CPU.Build.0 = Release|Any CPU
		{6E73FE0D-5EAD-423C-A0D0-3107D2472F83}.Release|x64.ActiveCfg = Release|Any CPU
		{6E73FE0D-5EAD-423C-A0D0-3107D2472F83}.Release|x64.Build.0 = Release|Any CPU
		{6E73FE0D-5EAD-423C-A0D0-3107D2472F83}.Release|x86.ActiveCfg = Release|Any CPU
		{6E73FE0D-5EAD-423C-A0D0-3107D2472F83}.Release|x86.Build.0 = Release|Any CPU
		{054920A2-71EF-4E1A-AFE8-51329587074B}.Debug|Any CPU.ActiveCfg = Debug|Any CPU
		{054920A2-71EF-4E1A-AFE8-51329587074B}.Debug|Any CPU.Build.0 = Debug|Any CPU
		{054920A2-71EF-4E1A-AFE8-51329587074B}.Debug|x64.ActiveCfg = Debug|Any CPU
		{054920A2-71EF-4E1A-AFE8-51329587074B}.Debug|x64.Build.0 = Debug|Any CPU
		{054920A2-71EF-4E1A-AFE8-51329587074B}.Debug|x86.ActiveCfg = Debug|Any CPU
		{054920A2-71EF-4E1A-AFE8-51329587074B}.Debug|x86.Build.0 = Debug|Any CPU
		{054920A2-71EF-4E1A-AFE8-51329587074B}.Release|Any CPU.ActiveCfg = Release|Any CPU
		{054920A2-71EF-4E1A-AFE8-51329587074B}.Release|Any CPU.Build.0 = Release|Any CPU
		{054920A2-71EF-4E1A-AFE8-51329587074B}.Release|x64.ActiveCfg = Release|Any CPU
		{054920A2-71EF-4E1A-AFE8-51329587074B}.Release|x64.Build.0 = Release|Any CPU
		{054920A2-71EF-4E1A-AFE8-51329587074B}.Release|x86.ActiveCfg = Release|Any CPU
		{054920A2-71EF-4E1A-AFE8-51329587074B}.Release|x86.Build.0 = Release|Any CPU
		{C8D54957-BC86-4248-8250-B5556AF02BE8}.Debug|Any CPU.ActiveCfg = Debug|Any CPU
		{C8D54957-BC86-4248-8250-B5556AF02BE8}.Debug|Any CPU.Build.0 = Debug|Any CPU
		{C8D54957-BC86-4248-8250-B5556AF02BE8}.Debug|x64.ActiveCfg = Debug|Any CPU
		{C8D54957-BC86-4248-8250-B5556AF02BE8}.Debug|x64.Build.0 = Debug|Any CPU
		{C8D54957-BC86-4248-8250-B5556AF02BE8}.Debug|x86.ActiveCfg = Debug|Any CPU
		{C8D54957-BC86-4248-8250-B5556AF02BE8}.Debug|x86.Build.0 = Debug|Any CPU
		{C8D54957-BC86-4248-8250-B5556AF02BE8}.Release|Any CPU.ActiveCfg = Release|Any CPU
		{C8D54957-BC86-4248-8250-B5556AF02BE8}.Release|Any CPU.Build.0 = Release|Any CPU
		{C8D54957-BC86-4248-8250-B5556AF02BE8}.Release|x64.ActiveCfg = Release|Any CPU
		{C8D54957-BC86-4248-8250-B5556AF02BE8}.Release|x64.Build.0 = Release|Any CPU
		{C8D54957-BC86-4248-8250-B5556AF02BE8}.Release|x86.ActiveCfg = Release|Any CPU
		{C8D54957-BC86-4248-8250-B5556AF02BE8}.Release|x86.Build.0 = Release|Any CPU
		{8E3D4FC3-883A-404C-9DDC-375F7C1F36FF}.Debug|Any CPU.ActiveCfg = Debug|Any CPU
		{8E3D4FC3-883A-404C-9DDC-375F7C1F36FF}.Debug|Any CPU.Build.0 = Debug|Any CPU
		{8E3D4FC3-883A-404C-9DDC-375F7C1F36FF}.Debug|x64.ActiveCfg = Debug|Any CPU
		{8E3D4FC3-883A-404C-9DDC-375F7C1F36FF}.Debug|x64.Build.0 = Debug|Any CPU
		{8E3D4FC3-883A-404C-9DDC-375F7C1F36FF}.Debug|x86.ActiveCfg = Debug|Any CPU
		{8E3D4FC3-883A-404C-9DDC-375F7C1F36FF}.Debug|x86.Build.0 = Debug|Any CPU
		{8E3D4FC3-883A-404C-9DDC-375F7C1F36FF}.Release|Any CPU.ActiveCfg = Release|Any CPU
		{8E3D4FC3-883A-404C-9DDC-375F7C1F36FF}.Release|Any CPU.Build.0 = Release|Any CPU
		{8E3D4FC3-883A-404C-9DDC-375F7C1F36FF}.Release|x64.ActiveCfg = Release|Any CPU
		{8E3D4FC3-883A-404C-9DDC-375F7C1F36FF}.Release|x64.Build.0 = Release|Any CPU
		{8E3D4FC3-883A-404C-9DDC-375F7C1F36FF}.Release|x86.ActiveCfg = Release|Any CPU
		{8E3D4FC3-883A-404C-9DDC-375F7C1F36FF}.Release|x86.Build.0 = Release|Any CPU
		{8A0355F7-7205-4F2F-B503-C4A702019FB4}.Debug|Any CPU.ActiveCfg = Debug|Any CPU
		{8A0355F7-7205-4F2F-B503-C4A702019FB4}.Debug|Any CPU.Build.0 = Debug|Any CPU
		{8A0355F7-7205-4F2F-B503-C4A702019FB4}.Debug|x64.ActiveCfg = Debug|Any CPU
		{8A0355F7-7205-4F2F-B503-C4A702019FB4}.Debug|x64.Build.0 = Debug|Any CPU
		{8A0355F7-7205-4F2F-B503-C4A702019FB4}.Debug|x86.ActiveCfg = Debug|Any CPU
		{8A0355F7-7205-4F2F-B503-C4A702019FB4}.Debug|x86.Build.0 = Debug|Any CPU
		{8A0355F7-7205-4F2F-B503-C4A702019FB4}.Release|Any CPU.ActiveCfg = Release|Any CPU
		{8A0355F7-7205-4F2F-B503-C4A702019FB4}.Release|Any CPU.Build.0 = Release|Any CPU
		{8A0355F7-7205-4F2F-B503-C4A702019FB4}.Release|x64.ActiveCfg = Release|Any CPU
		{8A0355F7-7205-4F2F-B503-C4A702019FB4}.Release|x64.Build.0 = Release|Any CPU
		{8A0355F7-7205-4F2F-B503-C4A702019FB4}.Release|x86.ActiveCfg = Release|Any CPU
		{8A0355F7-7205-4F2F-B503-C4A702019FB4}.Release|x86.Build.0 = Release|Any CPU
		{2C547D6D-1673-4FD7-8D4C-B6CCF2048CBE}.Debug|Any CPU.ActiveCfg = Debug|Any CPU
		{2C547D6D-1673-4FD7-8D4C-B6CCF2048CBE}.Debug|Any CPU.Build.0 = Debug|Any CPU
		{2C547D6D-1673-4FD7-8D4C-B6CCF2048CBE}.Debug|x64.ActiveCfg = Debug|Any CPU
		{2C547D6D-1673-4FD7-8D4C-B6CCF2048CBE}.Debug|x64.Build.0 = Debug|Any CPU
		{2C547D6D-1673-4FD7-8D4C-B6CCF2048CBE}.Debug|x86.ActiveCfg = Debug|Any CPU
		{2C547D6D-1673-4FD7-8D4C-B6CCF2048CBE}.Debug|x86.Build.0 = Debug|Any CPU
		{2C547D6D-1673-4FD7-8D4C-B6CCF2048CBE}.Release|Any CPU.ActiveCfg = Release|Any CPU
		{2C547D6D-1673-4FD7-8D4C-B6CCF2048CBE}.Release|Any CPU.Build.0 = Release|Any CPU
		{2C547D6D-1673-4FD7-8D4C-B6CCF2048CBE}.Release|x64.ActiveCfg = Release|Any CPU
		{2C547D6D-1673-4FD7-8D4C-B6CCF2048CBE}.Release|x64.Build.0 = Release|Any CPU
		{2C547D6D-1673-4FD7-8D4C-B6CCF2048CBE}.Release|x86.ActiveCfg = Release|Any CPU
		{2C547D6D-1673-4FD7-8D4C-B6CCF2048CBE}.Release|x86.Build.0 = Release|Any CPU
		{86BD9B11-60FB-4BAC-8539-38D9873293DC}.Debug|Any CPU.ActiveCfg = Debug|Any CPU
		{86BD9B11-60FB-4BAC-8539-38D9873293DC}.Debug|Any CPU.Build.0 = Debug|Any CPU
		{86BD9B11-60FB-4BAC-8539-38D9873293DC}.Debug|x64.ActiveCfg = Debug|Any CPU
		{86BD9B11-60FB-4BAC-8539-38D9873293DC}.Debug|x64.Build.0 = Debug|Any CPU
		{86BD9B11-60FB-4BAC-8539-38D9873293DC}.Debug|x86.ActiveCfg = Debug|Any CPU
		{86BD9B11-60FB-4BAC-8539-38D9873293DC}.Debug|x86.Build.0 = Debug|Any CPU
		{86BD9B11-60FB-4BAC-8539-38D9873293DC}.Release|Any CPU.ActiveCfg = Release|Any CPU
		{86BD9B11-60FB-4BAC-8539-38D9873293DC}.Release|Any CPU.Build.0 = Release|Any CPU
		{86BD9B11-60FB-4BAC-8539-38D9873293DC}.Release|x64.ActiveCfg = Release|Any CPU
		{86BD9B11-60FB-4BAC-8539-38D9873293DC}.Release|x64.Build.0 = Release|Any CPU
		{86BD9B11-60FB-4BAC-8539-38D9873293DC}.Release|x86.ActiveCfg = Release|Any CPU
		{86BD9B11-60FB-4BAC-8539-38D9873293DC}.Release|x86.Build.0 = Release|Any CPU
		{0FC031D1-3534-4BAE-8913-216C78AF9257}.Debug|Any CPU.ActiveCfg = Debug|Any CPU
		{0FC031D1-3534-4BAE-8913-216C78AF9257}.Debug|Any CPU.Build.0 = Debug|Any CPU
		{0FC031D1-3534-4BAE-8913-216C78AF9257}.Debug|x64.ActiveCfg = Debug|Any CPU
		{0FC031D1-3534-4BAE-8913-216C78AF9257}.Debug|x64.Build.0 = Debug|Any CPU
		{0FC031D1-3534-4BAE-8913-216C78AF9257}.Debug|x86.ActiveCfg = Debug|Any CPU
		{0FC031D1-3534-4BAE-8913-216C78AF9257}.Debug|x86.Build.0 = Debug|Any CPU
		{0FC031D1-3534-4BAE-8913-216C78AF9257}.Release|Any CPU.ActiveCfg = Release|Any CPU
		{0FC031D1-3534-4BAE-8913-216C78AF9257}.Release|Any CPU.Build.0 = Release|Any CPU
		{0FC031D1-3534-4BAE-8913-216C78AF9257}.Release|x64.ActiveCfg = Release|Any CPU
		{0FC031D1-3534-4BAE-8913-216C78AF9257}.Release|x64.Build.0 = Release|Any CPU
		{0FC031D1-3534-4BAE-8913-216C78AF9257}.Release|x86.ActiveCfg = Release|Any CPU
		{0FC031D1-3534-4BAE-8913-216C78AF9257}.Release|x86.Build.0 = Release|Any CPU
		{8F24FA35-742B-4271-9283-DC32EDDE46B1}.Debug|Any CPU.ActiveCfg = Debug|Any CPU
		{8F24FA35-742B-4271-9283-DC32EDDE46B1}.Debug|Any CPU.Build.0 = Debug|Any CPU
		{8F24FA35-742B-4271-9283-DC32EDDE46B1}.Debug|x64.ActiveCfg = Debug|Any CPU
		{8F24FA35-742B-4271-9283-DC32EDDE46B1}.Debug|x64.Build.0 = Debug|Any CPU
		{8F24FA35-742B-4271-9283-DC32EDDE46B1}.Debug|x86.ActiveCfg = Debug|Any CPU
		{8F24FA35-742B-4271-9283-DC32EDDE46B1}.Debug|x86.Build.0 = Debug|Any CPU
		{8F24FA35-742B-4271-9283-DC32EDDE46B1}.Release|Any CPU.ActiveCfg = Release|Any CPU
		{8F24FA35-742B-4271-9283-DC32EDDE46B1}.Release|Any CPU.Build.0 = Release|Any CPU
		{8F24FA35-742B-4271-9283-DC32EDDE46B1}.Release|x64.ActiveCfg = Release|Any CPU
		{8F24FA35-742B-4271-9283-DC32EDDE46B1}.Release|x64.Build.0 = Release|Any CPU
		{8F24FA35-742B-4271-9283-DC32EDDE46B1}.Release|x86.ActiveCfg = Release|Any CPU
		{8F24FA35-742B-4271-9283-DC32EDDE46B1}.Release|x86.Build.0 = Release|Any CPU
	EndGlobalSection
	GlobalSection(SolutionProperties) = preSolution
		HideSolutionNode = FALSE
	EndGlobalSection
	GlobalSection(NestedProjects) = preSolution
		{DA472E98-6148-4538-AEF1-071B8999316E} = {827E0CD3-B72D-47B6-A68D-7590B98EB39B}
		{94344400-CB98-4E91-A159-87BE741AE9A6} = {827E0CD3-B72D-47B6-A68D-7590B98EB39B}
		{6E73FE0D-5EAD-423C-A0D0-3107D2472F83} = {827E0CD3-B72D-47B6-A68D-7590B98EB39B}
		{054920A2-71EF-4E1A-AFE8-51329587074B} = {827E0CD3-B72D-47B6-A68D-7590B98EB39B}
		{C8D54957-BC86-4248-8250-B5556AF02BE8} = {827E0CD3-B72D-47B6-A68D-7590B98EB39B}
		{8E3D4FC3-883A-404C-9DDC-375F7C1F36FF} = {827E0CD3-B72D-47B6-A68D-7590B98EB39B}
		{8A0355F7-7205-4F2F-B503-C4A702019FB4} = {827E0CD3-B72D-47B6-A68D-7590B98EB39B}
		{2C547D6D-1673-4FD7-8D4C-B6CCF2048CBE} = {827E0CD3-B72D-47B6-A68D-7590B98EB39B}
		{86BD9B11-60FB-4BAC-8539-38D9873293DC} = {827E0CD3-B72D-47B6-A68D-7590B98EB39B}
		{0FC031D1-3534-4BAE-8913-216C78AF9257} = {827E0CD3-B72D-47B6-A68D-7590B98EB39B}
		{8F24FA35-742B-4271-9283-DC32EDDE46B1} = {827E0CD3-B72D-47B6-A68D-7590B98EB39B}
	EndGlobalSection
	GlobalSection(ExtensibilityGlobals) = postSolution
		SolutionGuid = {B36296BB-0A14-4BD4-8B61-BF2FCBB7CEA8}
	EndGlobalSection
EndGlobal
